// !$*UTF8*$!
{
	archiveVersion = 1;
	classes = {
	};
	objectVersion = 50;
	objects = {

/* Begin PBXBuildFile section */
		024EF64022CA437C00A06E97 /* AppDelegate.swift in Sources */ = {isa = PBXBuildFile; fileRef = 024EF63F22CA437C00A06E97 /* AppDelegate.swift */; };
		024EF64222CA437C00A06E97 /* ViewController.swift in Sources */ = {isa = PBXBuildFile; fileRef = 024EF64122CA437C00A06E97 /* ViewController.swift */; };
		024EF64522CA437D00A06E97 /* Main.storyboard in Resources */ = {isa = PBXBuildFile; fileRef = 024EF64322CA437D00A06E97 /* Main.storyboard */; };
		024EF64722CA438B00A06E97 /* Assets.xcassets in Resources */ = {isa = PBXBuildFile; fileRef = 024EF64622CA438B00A06E97 /* Assets.xcassets */; };
		024EF64A22CA438B00A06E97 /* LaunchScreen.storyboard in Resources */ = {isa = PBXBuildFile; fileRef = 024EF64822CA438B00A06E97 /* LaunchScreen.storyboard */; };
		024EF65522CA438B00A06E97 /* TestLocationTests.swift in Sources */ = {isa = PBXBuildFile; fileRef = 024EF65422CA438B00A06E97 /* TestLocationTests.swift */; };
		024EF66022CA438B00A06E97 /* TestLocationUITests.swift in Sources */ = {isa = PBXBuildFile; fileRef = 024EF65F22CA438B00A06E97 /* TestLocationUITests.swift */; };
		024EF66E22CA443300A06E97 /* silent.mp3 in Resources */ = {isa = PBXBuildFile; fileRef = 024EF66D22CA443300A06E97 /* silent.mp3 */; };
		024EF67222CA44B900A06E97 /* AVFoundation.framework in Frameworks */ = {isa = PBXBuildFile; fileRef = 024EF67122CA44B900A06E97 /* AVFoundation.framework */; };
		024EF67422CA44C000A06E97 /* AudioToolbox.framework in Frameworks */ = {isa = PBXBuildFile; fileRef = 024EF67322CA44BF00A06E97 /* AudioToolbox.framework */; };
/* End PBXBuildFile section */

/* Begin PBXContainerItemProxy section */
		024EF65122CA438B00A06E97 /* PBXContainerItemProxy */ = {
			isa = PBXContainerItemProxy;
			containerPortal = 024EF63422CA437C00A06E97 /* Project object */;
			proxyType = 1;
			remoteGlobalIDString = 024EF63B22CA437C00A06E97;
			remoteInfo = TestLocation;
		};
		024EF65C22CA438B00A06E97 /* PBXContainerItemProxy */ = {
			isa = PBXContainerItemProxy;
			containerPortal = 024EF63422CA437C00A06E97 /* Project object */;
			proxyType = 1;
			remoteGlobalIDString = 024EF63B22CA437C00A06E97;
			remoteInfo = TestLocation;
		};
/* End PBXContainerItemProxy section */

/* Begin PBXFileReference section */
		024EF63C22CA437C00A06E97 /* TestLocation.app */ = {isa = PBXFileReference; explicitFileType = wrapper.application; includeInIndex = 0; path = TestLocation.app; sourceTree = BUILT_PRODUCTS_DIR; };
		024EF63F22CA437C00A06E97 /* AppDelegate.swift */ = {isa = PBXFileReference; lastKnownFileType = sourcecode.swift; path = AppDelegate.swift; sourceTree = "<group>"; };
		024EF64122CA437C00A06E97 /* ViewController.swift */ = {isa = PBXFileReference; lastKnownFileType = sourcecode.swift; path = ViewController.swift; sourceTree = "<group>"; };
		024EF64422CA437D00A06E97 /* Base */ = {isa = PBXFileReference; lastKnownFileType = file.storyboard; name = Base; path = Base.lproj/Main.storyboard; sourceTree = "<group>"; };
		024EF64622CA438B00A06E97 /* Assets.xcassets */ = {isa = PBXFileReference; lastKnownFileType = folder.assetcatalog; path = Assets.xcassets; sourceTree = "<group>"; };
		024EF64922CA438B00A06E97 /* Base */ = {isa = PBXFileReference; lastKnownFileType = file.storyboard; name = Base; path = Base.lproj/LaunchScreen.storyboard; sourceTree = "<group>"; };
		024EF64B22CA438B00A06E97 /* Info.plist */ = {isa = PBXFileReference; lastKnownFileType = text.plist.xml; path = Info.plist; sourceTree = "<group>"; };
		024EF65022CA438B00A06E97 /* TestLocationTests.xctest */ = {isa = PBXFileReference; explicitFileType = wrapper.cfbundle; includeInIndex = 0; path = TestLocationTests.xctest; sourceTree = BUILT_PRODUCTS_DIR; };
		024EF65422CA438B00A06E97 /* TestLocationTests.swift */ = {isa = PBXFileReference; lastKnownFileType = sourcecode.swift; path = TestLocationTests.swift; sourceTree = "<group>"; };
		024EF65622CA438B00A06E97 /* Info.plist */ = {isa = PBXFileReference; lastKnownFileType = text.plist.xml; path = Info.plist; sourceTree = "<group>"; };
		024EF65B22CA438B00A06E97 /* TestLocationUITests.xctest */ = {isa = PBXFileReference; explicitFileType = wrapper.cfbundle; includeInIndex = 0; path = TestLocationUITests.xctest; sourceTree = BUILT_PRODUCTS_DIR; };
		024EF65F22CA438B00A06E97 /* TestLocationUITests.swift */ = {isa = PBXFileReference; lastKnownFileType = sourcecode.swift; path = TestLocationUITests.swift; sourceTree = "<group>"; };
		024EF66122CA438B00A06E97 /* Info.plist */ = {isa = PBXFileReference; lastKnownFileType = text.plist.xml; path = Info.plist; sourceTree = "<group>"; };
		024EF66D22CA443300A06E97 /* silent.mp3 */ = {isa = PBXFileReference; lastKnownFileType = audio.mp3; path = silent.mp3; sourceTree = "<group>"; };
		024EF66F22CA448800A06E97 /* testLocation.gpx */ = {isa = PBXFileReference; lastKnownFileType = text.xml; path = testLocation.gpx; sourceTree = "<group>"; };
		024EF67122CA44B900A06E97 /* AVFoundation.framework */ = {isa = PBXFileReference; lastKnownFileType = wrapper.framework; name = AVFoundation.framework; path = System/Library/Frameworks/AVFoundation.framework; sourceTree = SDKROOT; };
		024EF67322CA44BF00A06E97 /* AudioToolbox.framework */ = {isa = PBXFileReference; lastKnownFileType = wrapper.framework; name = AudioToolbox.framework; path = System/Library/Frameworks/AudioToolbox.framework; sourceTree = SDKROOT; };
/* End PBXFileReference section */

/* Begin PBXFrameworksBuildPhase section */
		024EF63922CA437C00A06E97 /* Frameworks */ = {
			isa = PBXFrameworksBuildPhase;
			buildActionMask = 2147483647;
			files = (
				024EF67422CA44C000A06E97 /* AudioToolbox.framework in Frameworks */,
				024EF67222CA44B900A06E97 /* AVFoundation.framework in Frameworks */,
			);
			runOnlyForDeploymentPostprocessing = 0;
		};
		024EF64D22CA438B00A06E97 /* Frameworks */ = {
			isa = PBXFrameworksBuildPhase;
			buildActionMask = 2147483647;
			files = (
			);
			runOnlyForDeploymentPostprocessing = 0;
		};
		024EF65822CA438B00A06E97 /* Frameworks */ = {
			isa = PBXFrameworksBuildPhase;
			buildActionMask = 2147483647;
			files = (
			);
			runOnlyForDeploymentPostprocessing = 0;
		};
/* End PBXFrameworksBuildPhase section */

/* Begin PBXGroup section */
		024EF63322CA437C00A06E97 = {
			isa = PBXGroup;
			children = (
				024EF63E22CA437C00A06E97 /* TestLocation */,
				024EF65322CA438B00A06E97 /* TestLocationTests */,
				024EF65E22CA438B00A06E97 /* TestLocationUITests */,
				024EF63D22CA437C00A06E97 /* Products */,
				024EF67022CA44B900A06E97 /* Frameworks */,
			);
			sourceTree = "<group>";
		};
		024EF63D22CA437C00A06E97 /* Products */ = {
			isa = PBXGroup;
			children = (
				024EF63C22CA437C00A06E97 /* TestLocation.app */,
				024EF65022CA438B00A06E97 /* TestLocationTests.xctest */,
				024EF65B22CA438B00A06E97 /* TestLocationUITests.xctest */,
			);
			name = Products;
			sourceTree = "<group>";
		};
		024EF63E22CA437C00A06E97 /* TestLocation */ = {
			isa = PBXGroup;
			children = (
				024EF63F22CA437C00A06E97 /* AppDelegate.swift */,
				024EF64122CA437C00A06E97 /* ViewController.swift */,
				024EF64322CA437D00A06E97 /* Main.storyboard */,
				024EF64622CA438B00A06E97 /* Assets.xcassets */,
				024EF64822CA438B00A06E97 /* LaunchScreen.storyboard */,
				024EF64B22CA438B00A06E97 /* Info.plist */,
				024EF66D22CA443300A06E97 /* silent.mp3 */,
				024EF66F22CA448800A06E97 /* testLocation.gpx */,
			);
			path = TestLocation;
			sourceTree = "<group>";
		};
		024EF65322CA438B00A06E97 /* TestLocationTests */ = {
			isa = PBXGroup;
			children = (
				024EF65422CA438B00A06E97 /* TestLocationTests.swift */,
				024EF65622CA438B00A06E97 /* Info.plist */,
			);
			path = TestLocationTests;
			sourceTree = "<group>";
		};
		024EF65E22CA438B00A06E97 /* TestLocationUITests */ = {
			isa = PBXGroup;
			children = (
				024EF65F22CA438B00A06E97 /* TestLocationUITests.swift */,
				024EF66122CA438B00A06E97 /* Info.plist */,
			);
			path = TestLocationUITests;
			sourceTree = "<group>";
		};
		024EF67022CA44B900A06E97 /* Frameworks */ = {
			isa = PBXGroup;
			children = (
				024EF67322CA44BF00A06E97 /* AudioToolbox.framework */,
				024EF67122CA44B900A06E97 /* AVFoundation.framework */,
			);
			name = Frameworks;
			sourceTree = "<group>";
		};
/* End PBXGroup section */

/* Begin PBXNativeTarget section */
		024EF63B22CA437C00A06E97 /* TestLocation */ = {
			isa = PBXNativeTarget;
			buildConfigurationList = 024EF66422CA438B00A06E97 /* Build configuration list for PBXNativeTarget "TestLocation" */;
			buildPhases = (
				024EF63822CA437C00A06E97 /* Sources */,
				024EF63922CA437C00A06E97 /* Frameworks */,
				024EF63A22CA437C00A06E97 /* Resources */,
			);
			buildRules = (
			);
			dependencies = (
			);
			name = TestLocation;
			productName = TestLocation;
			productReference = 024EF63C22CA437C00A06E97 /* TestLocation.app */;
			productType = "com.apple.product-type.application";
		};
		024EF64F22CA438B00A06E97 /* TestLocationTests */ = {
			isa = PBXNativeTarget;
			buildConfigurationList = 024EF66722CA438B00A06E97 /* Build configuration list for PBXNativeTarget "TestLocationTests" */;
			buildPhases = (
				024EF64C22CA438B00A06E97 /* Sources */,
				024EF64D22CA438B00A06E97 /* Frameworks */,
				024EF64E22CA438B00A06E97 /* Resources */,
			);
			buildRules = (
			);
			dependencies = (
				024EF65222CA438B00A06E97 /* PBXTargetDependency */,
			);
			name = TestLocationTests;
			productName = TestLocationTests;
			productReference = 024EF65022CA438B00A06E97 /* TestLocationTests.xctest */;
			productType = "com.apple.product-type.bundle.unit-test";
		};
		024EF65A22CA438B00A06E97 /* TestLocationUITests */ = {
			isa = PBXNativeTarget;
			buildConfigurationList = 024EF66A22CA438B00A06E97 /* Build configuration list for PBXNativeTarget "TestLocationUITests" */;
			buildPhases = (
				024EF65722CA438B00A06E97 /* Sources */,
				024EF65822CA438B00A06E97 /* Frameworks */,
				024EF65922CA438B00A06E97 /* Resources */,
			);
			buildRules = (
			);
			dependencies = (
				024EF65D22CA438B00A06E97 /* PBXTargetDependency */,
			);
			name = TestLocationUITests;
			productName = TestLocationUITests;
			productReference = 024EF65B22CA438B00A06E97 /* TestLocationUITests.xctest */;
			productType = "com.apple.product-type.bundle.ui-testing";
		};
/* End PBXNativeTarget section */

/* Begin PBXProject section */
		024EF63422CA437C00A06E97 /* Project object */ = {
			isa = PBXProject;
			attributes = {
				LastSwiftUpdateCheck = 1020;
				LastUpgradeCheck = 1020;
				ORGANIZATIONNAME = "임현수";
				TargetAttributes = {
					024EF63B22CA437C00A06E97 = {
						CreatedOnToolsVersion = 10.2.1;
						SystemCapabilities = {
							com.apple.BackgroundModes = {
								enabled = 1;
							};
						};
					};
					024EF64F22CA438B00A06E97 = {
						CreatedOnToolsVersion = 10.2.1;
						TestTargetID = 024EF63B22CA437C00A06E97;
					};
					024EF65A22CA438B00A06E97 = {
						CreatedOnToolsVersion = 10.2.1;
						TestTargetID = 024EF63B22CA437C00A06E97;
					};
				};
			};
			buildConfigurationList = 024EF63722CA437C00A06E97 /* Build configuration list for PBXProject "TestLocation" */;
			compatibilityVersion = "Xcode 9.3";
			developmentRegion = en;
			hasScannedForEncodings = 0;
			knownRegions = (
				en,
				Base,
			);
			mainGroup = 024EF63322CA437C00A06E97;
			productRefGroup = 024EF63D22CA437C00A06E97 /* Products */;
			projectDirPath = "";
			projectRoot = "";
			targets = (
				024EF63B22CA437C00A06E97 /* TestLocation */,
				024EF64F22CA438B00A06E97 /* TestLocationTests */,
				024EF65A22CA438B00A06E97 /* TestLocationUITests */,
			);
		};
/* End PBXProject section */

/* Begin PBXResourcesBuildPhase section */
		024EF63A22CA437C00A06E97 /* Resources */ = {
			isa = PBXResourcesBuildPhase;
			buildActionMask = 2147483647;
			files = (
				024EF64A22CA438B00A06E97 /* LaunchScreen.storyboard in Resources */,
				024EF64722CA438B00A06E97 /* Assets.xcassets in Resources */,
				024EF64522CA437D00A06E97 /* Main.storyboard in Resources */,
				024EF66E22CA443300A06E97 /* silent.mp3 in Resources */,
			);
			runOnlyForDeploymentPostprocessing = 0;
		};
		024EF64E22CA438B00A06E97 /* Resources */ = {
			isa = PBXResourcesBuildPhase;
			buildActionMask = 2147483647;
			files = (
			);
			runOnlyForDeploymentPostprocessing = 0;
		};
		024EF65922CA438B00A06E97 /* Resources */ = {
			isa = PBXResourcesBuildPhase;
			buildActionMask = 2147483647;
			files = (
			);
			runOnlyForDeploymentPostprocessing = 0;
		};
/* End PBXResourcesBuildPhase section */

/* Begin PBXSourcesBuildPhase section */
		024EF63822CA437C00A06E97 /* Sources */ = {
			isa = PBXSourcesBuildPhase;
			buildActionMask = 2147483647;
			files = (
				024EF64222CA437C00A06E97 /* ViewController.swift in Sources */,
				024EF64022CA437C00A06E97 /* AppDelegate.swift in Sources */,
			);
			runOnlyForDeploymentPostprocessing = 0;
		};
		024EF64C22CA438B00A06E97 /* Sources */ = {
			isa = PBXSourcesBuildPhase;
			buildActionMask = 2147483647;
			files = (
				024EF65522CA438B00A06E97 /* TestLocationTests.swift in Sources */,
			);
			runOnlyForDeploymentPostprocessing = 0;
		};
		024EF65722CA438B00A06E97 /* Sources */ = {
			isa = PBXSourcesBuildPhase;
			buildActionMask = 2147483647;
			files = (
				024EF66022CA438B00A06E97 /* TestLocationUITests.swift in Sources */,
			);
			runOnlyForDeploymentPostprocessing = 0;
		};
/* End PBXSourcesBuildPhase section */

/* Begin PBXTargetDependency section */
		024EF65222CA438B00A06E97 /* PBXTargetDependency */ = {
			isa = PBXTargetDependency;
			target = 024EF63B22CA437C00A06E97 /* TestLocation */;
			targetProxy = 024EF65122CA438B00A06E97 /* PBXContainerItemProxy */;
		};
		024EF65D22CA438B00A06E97 /* PBXTargetDependency */ = {
			isa = PBXTargetDependency;
			target = 024EF63B22CA437C00A06E97 /* TestLocation */;
			targetProxy = 024EF65C22CA438B00A06E97 /* PBXContainerItemProxy */;
		};
/* End PBXTargetDependency section */

/* Begin PBXVariantGroup section */
		024EF64322CA437D00A06E97 /* Main.storyboard */ = {
			isa = PBXVariantGroup;
			children = (
				024EF64422CA437D00A06E97 /* Base */,
			);
			name = Main.storyboard;
			sourceTree = "<group>";
		};
		024EF64822CA438B00A06E97 /* LaunchScreen.storyboard */ = {
			isa = PBXVariantGroup;
			children = (
				024EF64922CA438B00A06E97 /* Base */,
			);
			name = LaunchScreen.storyboard;
			sourceTree = "<group>";
		};
/* End PBXVariantGroup section */

/* Begin XCBuildConfiguration section */
		024EF66222CA438B00A06E97 /* Debug */ = {
			isa = XCBuildConfiguration;
			buildSettings = {
				ALWAYS_SEARCH_USER_PATHS = NO;
				CLANG_ANALYZER_NONNULL = YES;
				CLANG_ANALYZER_NUMBER_OBJECT_CONVERSION = YES_AGGRESSIVE;
				CLANG_CXX_LANGUAGE_STANDARD = "gnu++14";
				CLANG_CXX_LIBRARY = "libc++";
				CLANG_ENABLE_MODULES = YES;
				CLANG_ENABLE_OBJC_ARC = YES;
				CLANG_ENABLE_OBJC_WEAK = YES;
				CLANG_WARN_BLOCK_CAPTURE_AUTORELEASING = YES;
				CLANG_WARN_BOOL_CONVERSION = YES;
				CLANG_WARN_COMMA = YES;
				CLANG_WARN_CONSTANT_CONVERSION = YES;
				CLANG_WARN_DEPRECATED_OBJC_IMPLEMENTATIONS = YES;
				CLANG_WARN_DIRECT_OBJC_ISA_USAGE = YES_ERROR;
				CLANG_WARN_DOCUMENTATION_COMMENTS = YES;
				CLANG_WARN_EMPTY_BODY = YES;
				CLANG_WARN_ENUM_CONVERSION = YES;
				CLANG_WARN_INFINITE_RECURSION = YES;
				CLANG_WARN_INT_CONVERSION = YES;
				CLANG_WARN_NON_LITERAL_NULL_CONVERSION = YES;
				CLANG_WARN_OBJC_IMPLICIT_RETAIN_SELF = YES;
				CLANG_WARN_OBJC_LITERAL_CONVERSION = YES;
				CLANG_WARN_OBJC_ROOT_CLASS = YES_ERROR;
				CLANG_WARN_RANGE_LOOP_ANALYSIS = YES;
				CLANG_WARN_STRICT_PROTOTYPES = YES;
				CLANG_WARN_SUSPICIOUS_MOVE = YES;
				CLANG_WARN_UNGUARDED_AVAILABILITY = YES_AGGRESSIVE;
				CLANG_WARN_UNREACHABLE_CODE = YES;
				CLANG_WARN__DUPLICATE_METHOD_MATCH = YES;
				CODE_SIGN_IDENTITY = "iPhone Developer";
				COPY_PHASE_STRIP = NO;
				DEBUG_INFORMATION_FORMAT = dwarf;
				ENABLE_STRICT_OBJC_MSGSEND = YES;
				ENABLE_TESTABILITY = YES;
				GCC_C_LANGUAGE_STANDARD = gnu11;
				GCC_DYNAMIC_NO_PIC = NO;
				GCC_NO_COMMON_BLOCKS = YES;
				GCC_OPTIMIZATION_LEVEL = 0;
				GCC_PREPROCESSOR_DEFINITIONS = (
					"DEBUG=1",
					"$(inherited)",
				);
				GCC_WARN_64_TO_32_BIT_CONVERSION = YES;
				GCC_WARN_ABOUT_RETURN_TYPE = YES_ERROR;
				GCC_WARN_UNDECLARED_SELECTOR = YES;
				GCC_WARN_UNINITIALIZED_AUTOS = YES_AGGRESSIVE;
				GCC_WARN_UNUSED_FUNCTION = YES;
				GCC_WARN_UNUSED_VARIABLE = YES;
				IPHONEOS_DEPLOYMENT_TARGET = 12.2;
				MTL_ENABLE_DEBUG_INFO = INCLUDE_SOURCE;
				MTL_FAST_MATH = YES;
				ONLY_ACTIVE_ARCH = YES;
				SDKROOT = iphoneos;
				SWIFT_ACTIVE_COMPILATION_CONDITIONS = DEBUG;
				SWIFT_OPTIMIZATION_LEVEL = "-Onone";
			};
			name = Debug;
		};
		024EF66322CA438B00A06E97 /* Release */ = {
			isa = XCBuildConfiguration;
			buildSettings = {
				ALWAYS_SEARCH_USER_PATHS = NO;
				CLANG_ANALYZER_NONNULL = YES;
				CLANG_ANALYZER_NUMBER_OBJECT_CONVERSION = YES_AGGRESSIVE;
				CLANG_CXX_LANGUAGE_STANDARD = "gnu++14";
				CLANG_CXX_LIBRARY = "libc++";
				CLANG_ENABLE_MODULES = YES;
				CLANG_ENABLE_OBJC_ARC = YES;
				CLANG_ENABLE_OBJC_WEAK = YES;
				CLANG_WARN_BLOCK_CAPTURE_AUTORELEASING = YES;
				CLANG_WARN_BOOL_CONVERSION = YES;
				CLANG_WARN_COMMA = YES;
				CLANG_WARN_CONSTANT_CONVERSION = YES;
				CLANG_WARN_DEPRECATED_OBJC_IMPLEMENTATIONS = YES;
				CLANG_WARN_DIRECT_OBJC_ISA_USAGE = YES_ERROR;
				CLANG_WARN_DOCUMENTATION_COMMENTS = YES;
				CLANG_WARN_EMPTY_BODY = YES;
				CLANG_WARN_ENUM_CONVERSION = YES;
				CLANG_WARN_INFINITE_RECURSION = YES;
				CLANG_WARN_INT_CONVERSION = YES;
				CLANG_WARN_NON_LITERAL_NULL_CONVERSION = YES;
				CLANG_WARN_OBJC_IMPLICIT_RETAIN_SELF = YES;
				CLANG_WARN_OBJC_LITERAL_CONVERSION = YES;
				CLANG_WARN_OBJC_ROOT_CLASS = YES_ERROR;
				CLANG_WARN_RANGE_LOOP_ANALYSIS = YES;
				CLANG_WARN_STRICT_PROTOTYPES = YES;
				CLANG_WARN_SUSPICIOUS_MOVE = YES;
				CLANG_WARN_UNGUARDED_AVAILABILITY = YES_AGGRESSIVE;
				CLANG_WARN_UNREACHABLE_CODE = YES;
				CLANG_WARN__DUPLICATE_METHOD_MATCH = YES;
				CODE_SIGN_IDENTITY = "iPhone Developer";
				COPY_PHASE_STRIP = NO;
				DEBUG_INFORMATION_FORMAT = "dwarf-with-dsym";
				ENABLE_NS_ASSERTIONS = NO;
				ENABLE_STRICT_OBJC_MSGSEND = YES;
				GCC_C_LANGUAGE_STANDARD = gnu11;
				GCC_NO_COMMON_BLOCKS = YES;
				GCC_WARN_64_TO_32_BIT_CONVERSION = YES;
				GCC_WARN_ABOUT_RETURN_TYPE = YES_ERROR;
				GCC_WARN_UNDECLARED_SELECTOR = YES;
				GCC_WARN_UNINITIALIZED_AUTOS = YES_AGGRESSIVE;
				GCC_WARN_UNUSED_FUNCTION = YES;
				GCC_WARN_UNUSED_VARIABLE = YES;
				IPHONEOS_DEPLOYMENT_TARGET = 12.2;
				MTL_ENABLE_DEBUG_INFO = NO;
				MTL_FAST_MATH = YES;
				SDKROOT = iphoneos;
				SWIFT_COMPILATION_MODE = wholemodule;
				SWIFT_OPTIMIZATION_LEVEL = "-O";
				VALIDATE_PRODUCT = YES;
			};
			name = Release;
		};
		024EF66522CA438B00A06E97 /* Debug */ = {
			isa = XCBuildConfiguration;
			buildSettings = {
				ASSETCATALOG_COMPILER_APPICON_NAME = AppIcon;
				CODE_SIGN_STYLE = Automatic;
				DEVELOPMENT_TEAM = 4UWVPD38BA;
				INFOPLIST_FILE = TestLocation/Info.plist;
				LD_RUNPATH_SEARCH_PATHS = (
					"$(inherited)",
					"@executable_path/Frameworks",
				);
				PRODUCT_BUNDLE_IDENTIFIER = lim.TestLocation;
				PRODUCT_NAME = "$(TARGET_NAME)";
				SWIFT_VERSION = 5.0;
				TARGETED_DEVICE_FAMILY = "1,2";
			};
			name = Debug;
		};
		024EF66622CA438B00A06E97 /* Release */ = {
			isa = XCBuildConfiguration;
			buildSettings = {
				ASSETCATALOG_COMPILER_APPICON_NAME = AppIcon;
				CODE_SIGN_STYLE = Automatic;
				DEVELOPMENT_TEAM = 4UWVPD38BA;
				INFOPLIST_FILE = TestLocation/Info.plist;
				LD_RUNPATH_SEARCH_PATHS = (
					"$(inherited)",
					"@executable_path/Frameworks",
				);
				PRODUCT_BUNDLE_IDENTIFIER = lim.TestLocation;
				PRODUCT_NAME = "$(TARGET_NAME)";
				SWIFT_VERSION = 5.0;
				TARGETED_DEVICE_FAMILY = "1,2";
			};
			name = Release;
		};
		024EF66822CA438B00A06E97 /* Debug */ = {
			isa = XCBuildConfiguration;
			buildSettings = {
				ALWAYS_EMBED_SWIFT_STANDARD_LIBRARIES = YES;
				BUNDLE_LOADER = "$(TEST_HOST)";
				CODE_SIGN_STYLE = Automatic;
				INFOPLIST_FILE = TestLocationTests/Info.plist;
				LD_RUNPATH_SEARCH_PATHS = (
					"$(inherited)",
					"@executable_path/Frameworks",
					"@loader_path/Frameworks",
				);
				PRODUCT_BUNDLE_IDENTIFIER = lim.TestLocationTests;
				PRODUCT_NAME = "$(TARGET_NAME)";
				SWIFT_VERSION = 5.0;
				TARGETED_DEVICE_FAMILY = "1,2";
				TEST_HOST = "$(BUILT_PRODUCTS_DIR)/TestLocation.app/TestLocation";
			};
			name = Debug;
		};
		024EF66922CA438B00A06E97 /* Release */ = {
			isa = XCBuildConfiguration;
			buildSettings = {
				ALWAYS_EMBED_SWIFT_STANDARD_LIBRARIES = YES;
				BUNDLE_LOADER = "$(TEST_HOST)";
				CODE_SIGN_STYLE = Automatic;
				INFOPLIST_FILE = TestLocationTests/Info.plist;
				LD_RUNPATH_SEARCH_PATHS = (
					"$(inherited)",
					"@executable_path/Frameworks",
					"@loader_path/Frameworks",
				);
				PRODUCT_BUNDLE_IDENTIFIER = lim.TestLocationTests;
				PRODUCT_NAME = "$(TARGET_NAME)";
				SWIFT_VERSION = 5.0;
				TARGETED_DEVICE_FAMILY = "1,2";
				TEST_HOST = "$(BUILT_PRODUCTS_DIR)/TestLocation.app/TestLocation";
			};
			name = Release;
		};
		024EF66B22CA438B00A06E97 /* Debug */ = {
			isa = XCBuildConfiguration;
			buildSettings = {
				ALWAYS_EMBED_SWIFT_STANDARD_LIBRARIES = YES;
				CODE_SIGN_STYLE = Automatic;
				INFOPLIST_FILE = TestLocationUITests/Info.plist;
				LD_RUNPATH_SEARCH_PATHS = (
					"$(inherited)",
					"@executable_path/Frameworks",
					"@loader_path/Frameworks",
				);
				PRODUCT_BUNDLE_IDENTIFIER = lim.TestLocationUITests;
				PRODUCT_NAME = "$(TARGET_NAME)";
				SWIFT_VERSION = 5.0;
				TARGETED_DEVICE_FAMILY = "1,2";
				TEST_TARGET_NAME = TestLocation;
			};
			name = Debug;
		};
		024EF66C22CA438B00A06E97 /* Release */ = {
			isa = XCBuildConfiguration;
			buildSettings = {
				ALWAYS_EMBED_SWIFT_STANDARD_LIBRARIES = YES;
				CODE_SIGN_STYLE = Automatic;
				INFOPLIST_FILE = TestLocationUITests/Info.plist;
				LD_RUNPATH_SEARCH_PATHS = (
					"$(inherited)",
					"@executable_path/Frameworks",
					"@loader_path/Frameworks",
				);
				PRODUCT_BUNDLE_IDENTIFIER = lim.TestLocationUITests;
				PRODUCT_NAME = "$(TARGET_NAME)";
				SWIFT_VERSION = 5.0;
				TARGETED_DEVICE_FAMILY = "1,2";
				TEST_TARGET_NAME = TestLocation;
			};
			name = Release;
		};
/* End XCBuildConfiguration section */

/* Begin XCConfigurationList section */
		024EF63722CA437C00A06E97 /* Build configuration list for PBXProject "TestLocation" */ = {
			isa = XCConfigurationList;
			buildConfigurations = (
				024EF66222CA438B00A06E97 /* Debug */,
				024EF66322CA438B00A06E97 /* Release */,
			);
			defaultConfigurationIsVisible = 0;
			defaultConfigurationName = Release;
		};
		024EF66422CA438B00A06E97 /* Build configuration list for PBXNativeTarget "TestLocation" */ = {
			isa = XCConfigurationList;
			buildConfigurations = (
				024EF66522CA438B00A06E97 /* Debug */,
				024EF66622CA438B00A06E97 /* Release */,
			);
			defaultConfigurationIsVisible = 0;
			defaultConfigurationName = Release;
		};
		024EF66722CA438B00A06E97 /* Build configuration list for PBXNativeTarget "TestLocationTests" */ = {
			isa = XCConfigurationList;
			buildConfigurations = (
				024EF66822CA438B00A06E97 /* Debug */,
				024EF66922CA438B00A06E97 /* Release */,
			);
			defaultConfigurationIsVisible = 0;
			defaultConfigurationName = Release;
		};
		024EF66A22CA438B00A06E97 /* Build configuration list for PBXNativeTarget "TestLocationUITests" */ = {
			isa = XCConfigurationList;
			buildConfigurations = (
				024EF66B22CA438B00A06E97 /* Debug */,
				024EF66C22CA438B00A06E97 /* Release */,
			);
			defaultConfigurationIsVisible = 0;
			defaultConfigurationName = Release;
		};
/* End XCConfigurationList section */
	};
	rootObject = 024EF63422CA437C00A06E97 /* Project object */;
}
